
Microsoft Visual Studio Solution File, Format Version 12.00
# Visual Studio Version 17
VisualStudioVersion = 17.12.35506.116
MinimumVisualStudioVersion = 10.0.40219.1
Project("{FAE04EC0-301F-11D3-BF4B-00C04F79EFBC}") = "DevSpot", "DevSpot\DevSpot.csproj", "{9BE3026C-D5D8-4896-B158-0B23E2334E6A}"
EndProject
Project("{FAE04EC0-301F-11D3-BF4B-00C04F79EFBC}") = "DevSpot.Tests", "DevSpot.Tests\DevSpot.Tests.csproj", "{A45CA70C-0FCC-46CD-8B63-54596D656F74}"
EndProject
Global
	GlobalSection(SolutionConfigurationPlatforms) = preSolution
		Debug|Any CPU = Debug|Any CPU
		Release|Any CPU = Release|Any CPU
	EndGlobalSection
	GlobalSection(ProjectConfigurationPlatforms) = postSolution
		{9BE3026C-D5D8-4896-B158-0B23E2334E6A}.Debug|Any CPU.ActiveCfg = Debug|Any CPU
		{9BE3026C-D5D8-4896-B158-0B23E2334E6A}.Debug|Any CPU.Build.0 = Debug|Any CPU
		{9BE3026C-D5D8-4896-B158-0B23E2334E6A}.Release|Any CPU.ActiveCfg = Release|Any CPU
		{9BE3026C-D5D8-4896-B158-0B23E2334E6A}.Release|Any CPU.Build.0 = Release|Any CPU
		{A45CA70C-0FCC-46CD-8B63-54596D656F74}.Debug|Any CPU.ActiveCfg = Debug|Any CPU
		{A45CA70C-0FCC-46CD-8B63-54596D656F74}.Debug|Any CPU.Build.0 = Debug|Any CPU
		{A45CA70C-0FCC-46CD-8B63-54596D656F74}.Release|Any CPU.ActiveCfg = Release|Any CPU
		{A45CA70C-0FCC-46CD-8B63-54596D656F74}.Release|Any CPU.Build.0 = Release|Any CPU
	EndGlobalSection
	GlobalSection(SolutionProperties) = preSolution
		HideSolutionNode = FALSE
	EndGlobalSection
EndGlobal
